// !$*UTF8*$!
{
	archiveVersion = 1;
	classes = {
	};
	objectVersion = 46;
	objects = {

/* Begin PBXBuildFile section */
		C0BB6EEF1AEECF7700DD471F /* AppDelegate.swift in Sources */ = {isa = PBXBuildFile; fileRef = C0BB6EEE1AEECF7700DD471F /* AppDelegate.swift */; };
		C0BB6EF11AEECF7700DD471F /* MasterViewController.swift in Sources */ = {isa = PBXBuildFile; fileRef = C0BB6EF01AEECF7700DD471F /* MasterViewController.swift */; };
		C0BB6EF31AEECF7700DD471F /* DetailViewController.swift in Sources */ = {isa = PBXBuildFile; fileRef = C0BB6EF21AEECF7700DD471F /* DetailViewController.swift */; };
		C0BB6EF61AEECF7700DD471F /* Main.storyboard in Resources */ = {isa = PBXBuildFile; fileRef = C0BB6EF41AEECF7700DD471F /* Main.storyboard */; };
		C0BB6EF81AEECF7700DD471F /* Images.xcassets in Resources */ = {isa = PBXBuildFile; fileRef = C0BB6EF71AEECF7700DD471F /* Images.xcassets */; };
		C0BB6EFB1AEECF7700DD471F /* LaunchScreen.xib in Resources */ = {isa = PBXBuildFile; fileRef = C0BB6EF91AEECF7700DD471F /* LaunchScreen.xib */; };
		C0BB6F071AEECF7700DD471F /* Lab23Tests.swift in Sources */ = {isa = PBXBuildFile; fileRef = C0BB6F061AEECF7700DD471F /* Lab23Tests.swift */; };
/* End PBXBuildFile section */

/* Begin PBXContainerItemProxy section */
		C0BB6F011AEECF7700DD471F /* PBXContainerItemProxy */ = {
			isa = PBXContainerItemProxy;
			containerPortal = C0BB6EE11AEECF7700DD471F /* Project object */;
			proxyType = 1;
			remoteGlobalIDString = C0BB6EE81AEECF7700DD471F;
			remoteInfo = Lab23;
		};
/* End PBXContainerItemProxy section */

/* Begin PBXFileReference section */
		C0BB6EE91AEECF7700DD471F /* Lab23.app */ = {isa = PBXFileReference; explicitFileType = wrapper.application; includeInIndex = 0; path = Lab23.app; sourceTree = BUILT_PRODUCTS_DIR; };
		C0BB6EED1AEECF7700DD471F /* Info.plist */ = {isa = PBXFileReference; lastKnownFileType = text.plist.xml; path = Info.plist; sourceTree = "<group>"; };
		C0BB6EEE1AEECF7700DD471F /* AppDelegate.swift */ = {isa = PBXFileReference; lastKnownFileType = sourcecode.swift; path = AppDelegate.swift; sourceTree = "<group>"; };
		C0BB6EF01AEECF7700DD471F /* MasterViewController.swift */ = {isa = PBXFileReference; lastKnownFileType = sourcecode.swift; path = MasterViewController.swift; sourceTree = "<group>"; };
		C0BB6EF21AEECF7700DD471F /* DetailViewController.swift */ = {isa = PBXFileReference; lastKnownFileType = sourcecode.swift; path = DetailViewController.swift; sourceTree = "<group>"; };
		C0BB6EF51AEECF7700DD471F /* Base */ = {isa = PBXFileReference; lastKnownFileType = file.storyboard; name = Base; path = Base.lproj/Main.storyboard; sourceTree = "<group>"; };
		C0BB6EF71AEECF7700DD471F /* Images.xcassets */ = {isa = PBXFileReference; lastKnownFileType = folder.assetcatalog; path = Images.xcassets; sourceTree = "<group>"; };
		C0BB6EFA1AEECF7700DD471F /* Base */ = {isa = PBXFileReference; lastKnownFileType = file.xib; name = Base; path = Base.lproj/LaunchScreen.xib; sourceTree = "<group>"; };
		C0BB6F001AEECF7700DD471F /* Lab23Tests.xctest */ = {isa = PBXFileReference; explicitFileType = wrapper.cfbundle; includeInIndex = 0; path = Lab23Tests.xctest; sourceTree = BUILT_PRODUCTS_DIR; };
		C0BB6F051AEECF7700DD471F /* Info.plist */ = {isa = PBXFileReference; lastKnownFileType = text.plist.xml; path = Info.plist; sourceTree = "<group>"; };
		C0BB6F061AEECF7700DD471F /* Lab23Tests.swift */ = {isa = PBXFileReference; lastKnownFileType = sourcecode.swift; path = Lab23Tests.swift; sourceTree = "<group>"; };
/* End PBXFileReference section */

/* Begin PBXFrameworksBuildPhase section */
		C0BB6EE61AEECF7700DD471F /* Frameworks */ = {
			isa = PBXFrameworksBuildPhase;
			buildActionMask = 2147483647;
			files = (
			);
			runOnlyForDeploymentPostprocessing = 0;
		};
		C0BB6EFD1AEECF7700DD471F /* Frameworks */ = {
			isa = PBXFrameworksBuildPhase;
			buildActionMask = 2147483647;
			files = (
			);
			runOnlyForDeploymentPostprocessing = 0;
		};
/* End PBXFrameworksBuildPhase section */

/* Begin PBXGroup section */
		C0BB6EE01AEECF7700DD471F = {
			isa = PBXGroup;
			children = (
				C0BB6EEB1AEECF7700DD471F /* Lab23 */,
				C0BB6F031AEECF7700DD471F /* Lab23Tests */,
				C0BB6EEA1AEECF7700DD471F /* Products */,
			);
			sourceTree = "<group>";
		};
		C0BB6EEA1AEECF7700DD471F /* Products */ = {
			isa = PBXGroup;
			children = (
				C0BB6EE91AEECF7700DD471F /* Lab23.app */,
				C0BB6F001AEECF7700DD471F /* Lab23Tests.xctest */,
			);
			name = Products;
			sourceTree = "<group>";
		};
		C0BB6EEB1AEECF7700DD471F /* Lab23 */ = {
			isa = PBXGroup;
			children = (
				C0BB6EEE1AEECF7700DD471F /* AppDelegate.swift */,
				C0BB6EF01AEECF7700DD471F /* MasterViewController.swift */,
				C0BB6EF21AEECF7700DD471F /* DetailViewController.swift */,
				C0BB6EF41AEECF7700DD471F /* Main.storyboard */,
				C0BB6EF71AEECF7700DD471F /* Images.xcassets */,
				C0BB6EF91AEECF7700DD471F /* LaunchScreen.xib */,
				C0BB6EEC1AEECF7700DD471F /* Supporting Files */,
			);
			path = Lab23;
			sourceTree = "<group>";
		};
		C0BB6EEC1AEECF7700DD471F /* Supporting Files */ = {
			isa = PBXGroup;
			children = (
				C0BB6EED1AEECF7700DD471F /* Info.plist */,
			);
			name = "Supporting Files";
			sourceTree = "<group>";
		};
		C0BB6F031AEECF7700DD471F /* Lab23Tests */ = {
			isa = PBXGroup;
			children = (
				C0BB6F061AEECF7700DD471F /* Lab23Tests.swift */,
				C0BB6F041AEECF7700DD471F /* Supporting Files */,
			);
			path = Lab23Tests;
			sourceTree = "<group>";
		};
		C0BB6F041AEECF7700DD471F /* Supporting Files */ = {
			isa = PBXGroup;
			children = (
				C0BB6F051AEECF7700DD471F /* Info.plist */,
			);
			name = "Supporting Files";
			sourceTree = "<group>";
		};
/* End PBXGroup section */

/* Begin PBXNativeTarget section */
		C0BB6EE81AEECF7700DD471F /* Lab23 */ = {
			isa = PBXNativeTarget;
			buildConfigurationList = C0BB6F0A1AEECF7700DD471F /* Build configuration list for PBXNativeTarget "Lab23" */;
			buildPhases = (
				C0BB6EE51AEECF7700DD471F /* Sources */,
				C0BB6EE61AEECF7700DD471F /* Frameworks */,
				C0BB6EE71AEECF7700DD471F /* Resources */,
			);
			buildRules = (
			);
			dependencies = (
			);
			name = Lab23;
			productName = Lab23;
			productReference = C0BB6EE91AEECF7700DD471F /* Lab23.app */;
			productType = "com.apple.product-type.application";
		};
		C0BB6EFF1AEECF7700DD471F /* Lab23Tests */ = {
			isa = PBXNativeTarget;
			buildConfigurationList = C0BB6F0D1AEECF7700DD471F /* Build configuration list for PBXNativeTarget "Lab23Tests" */;
			buildPhases = (
				C0BB6EFC1AEECF7700DD471F /* Sources */,
				C0BB6EFD1AEECF7700DD471F /* Frameworks */,
				C0BB6EFE1AEECF7700DD471F /* Resources */,
			);
			buildRules = (
			);
			dependencies = (
				C0BB6F021AEECF7700DD471F /* PBXTargetDependency */,
			);
			name = Lab23Tests;
			productName = Lab23Tests;
			productReference = C0BB6F001AEECF7700DD471F /* Lab23Tests.xctest */;
			productType = "com.apple.product-type.bundle.unit-test";
		};
/* End PBXNativeTarget section */

/* Begin PBXProject section */
		C0BB6EE11AEECF7700DD471F /* Project object */ = {
			isa = PBXProject;
			attributes = {
				LastUpgradeCheck = 0620;
				ORGANIZATIONNAME = mikko;
				TargetAttributes = {
					C0BB6EE81AEECF7700DD471F = {
						CreatedOnToolsVersion = 6.2;
					};
					C0BB6EFF1AEECF7700DD471F = {
						CreatedOnToolsVersion = 6.2;
						TestTargetID = C0BB6EE81AEECF7700DD471F;
					};
				};
			};
			buildConfigurationList = C0BB6EE41AEECF7700DD471F /* Build configuration list for PBXProject "Lab23" */;
			compatibilityVersion = "Xcode 3.2";
			developmentRegion = English;
			hasScannedForEncodings = 0;
			knownRegions = (
				en,
				Base,
			);
			mainGroup = C0BB6EE01AEECF7700DD471F;
			productRefGroup = C0BB6EEA1AEECF7700DD471F /* Products */;
			projectDirPath = "";
			projectRoot = "";
			targets = (
				C0BB6EE81AEECF7700DD471F /* Lab23 */,
				C0BB6EFF1AEECF7700DD471F /* Lab23Tests */,
			);
		};
/* End PBXProject section */

/* Begin PBXResourcesBuildPhase section */
		C0BB6EE71AEECF7700DD471F /* Resources */ = {
			isa = PBXResourcesBuildPhase;
			buildActionMask = 2147483647;
			files = (
				C0BB6EF61AEECF7700DD471F /* Main.storyboard in Resources */,
				C0BB6EFB1AEECF7700DD471F /* LaunchScreen.xib in Resources */,
				C0BB6EF81AEECF7700DD471F /* Images.xcassets in Resources */,
			);
			runOnlyForDeploymentPostprocessing = 0;
		};
		C0BB6EFE1AEECF7700DD471F /* Resources */ = {
			isa = PBXResourcesBuildPhase;
			buildActionMask = 2147483647;
			files = (
			);
			runOnlyForDeploymentPostprocessing = 0;
		};
/* End PBXResourcesBuildPhase section */

/* Begin PBXSourcesBuildPhase section */
		C0BB6EE51AEECF7700DD471F /* Sources */ = {
			isa = PBXSourcesBuildPhase;
			buildActionMask = 2147483647;
			files = (
				C0BB6EF31AEECF7700DD471F /* DetailViewController.swift in Sources */,
				C0BB6EF11AEECF7700DD471F /* MasterViewController.swift in Sources */,
				C0BB6EEF1AEECF7700DD471F /* AppDelegate.swift in Sources */,
			);
			runOnlyForDeploymentPostprocessing = 0;
		};
		C0BB6EFC1AEECF7700DD471F /* Sources */ = {
			isa = PBXSourcesBuildPhase;
			buildActionMask = 2147483647;
			files = (
				C0BB6F071AEECF7700DD471F /* Lab23Tests.swift in Sources */,
			);
			runOnlyForDeploymentPostprocessing = 0;
		};
/* End PBXSourcesBuildPhase section */

/* Begin PBXTargetDependency section */
		C0BB6F021AEECF7700DD471F /* PBXTargetDependency */ = {
			isa = PBXTargetDependency;
			target = C0BB6EE81AEECF7700DD471F /* Lab23 */;
			targetProxy = C0BB6F011AEECF7700DD471F /* PBXContainerItemProxy */;
		};
/* End PBXTargetDependency section */

/* Begin PBXVariantGroup section */
		C0BB6EF41AEECF7700DD471F /* Main.storyboard */ = {
			isa = PBXVariantGroup;
			children = (
				C0BB6EF51AEECF7700DD471F /* Base */,
			);
			name = Main.storyboard;
			sourceTree = "<group>";
		};
		C0BB6EF91AEECF7700DD471F /* LaunchScreen.xib */ = {
			isa = PBXVariantGroup;
			children = (
				C0BB6EFA1AEECF7700DD471F /* Base */,
			);
			name = LaunchScreen.xib;
			sourceTree = "<group>";
		};
/* End PBXVariantGroup section */

/* Begin XCBuildConfiguration section */
		C0BB6F081AEECF7700DD471F /* Debug */ = {
			isa = XCBuildConfiguration;
			buildSettings = {
				ALWAYS_SEARCH_USER_PATHS = NO;
				CLANG_CXX_LANGUAGE_STANDARD = "gnu++0x";
				CLANG_CXX_LIBRARY = "libc++";
				CLANG_ENABLE_MODULES = YES;
				CLANG_ENABLE_OBJC_ARC = YES;
				CLANG_WARN_BOOL_CONVERSION = YES;
				CLANG_WARN_CONSTANT_CONVERSION = YES;
				CLANG_WARN_DIRECT_OBJC_ISA_USAGE = YES_ERROR;
				CLANG_WARN_EMPTY_BODY = YES;
				CLANG_WARN_ENUM_CONVERSION = YES;
				CLANG_WARN_INT_CONVERSION = YES;
				CLANG_WARN_OBJC_ROOT_CLASS = YES_ERROR;
				CLANG_WARN_UNREACHABLE_CODE = YES;
				CLANG_WARN__DUPLICATE_METHOD_MATCH = YES;
				"CODE_SIGN_IDENTITY[sdk=iphoneos*]" = "iPhone Developer";
				COPY_PHASE_STRIP = NO;
				ENABLE_STRICT_OBJC_MSGSEND = YES;
				GCC_C_LANGUAGE_STANDARD = gnu99;
				GCC_DYNAMIC_NO_PIC = NO;
				GCC_OPTIMIZATION_LEVEL = 0;
				GCC_PREPROCESSOR_DEFINITIONS = (
					"DEBUG=1",
					"$(inherited)",
				);
				GCC_SYMBOLS_PRIVATE_EXTERN = NO;
				GCC_WARN_64_TO_32_BIT_CONVERSION = YES;
				GCC_WARN_ABOUT_RETURN_TYPE = YES_ERROR;
				GCC_WARN_UNDECLARED_SELECTOR = YES;
				GCC_WARN_UNINITIALIZED_AUTOS = YES_AGGRESSIVE;
				GCC_WARN_UNUSED_FUNCTION = YES;
				GCC_WARN_UNUSED_VARIABLE = YES;
				IPHONEOS_DEPLOYMENT_TARGET = 8.2;
				MTL_ENABLE_DEBUG_INFO = YES;
				ONLY_ACTIVE_ARCH = YES;
				SDKROOT = iphoneos;
				SWIFT_OPTIMIZATION_LEVEL = "-Onone";
			};
			name = Debug;
		};
		C0BB6F091AEECF7700DD471F /* Release */ = {
			isa = XCBuildConfiguration;
			buildSettings = {
				ALWAYS_SEARCH_USER_PATHS = NO;
				CLANG_CXX_LANGUAGE_STANDARD = "gnu++0x";
				CLANG_CXX_LIBRARY = "libc++";
				CLANG_ENABLE_MODULES = YES;
				CLANG_ENABLE_OBJC_ARC = YES;
				CLANG_WARN_BOOL_CONVERSION = YES;
				CLANG_WARN_CONSTANT_CONVERSION = YES;
				CLANG_WARN_DIRECT_OBJC_ISA_USAGE = YES_ERROR;
				CLANG_WARN_EMPTY_BODY = YES;
				CLANG_WARN_ENUM_CONVERSION = YES;
				CLANG_WARN_INT_CONVERSION = YES;
				CLANG_WARN_OBJC_ROOT_CLASS = YES_ERROR;
				CLANG_WARN_UNREACHABLE_CODE = YES;
				CLANG_WARN__DUPLICATE_METHOD_MATCH = YES;
				"CODE_SIGN_IDENTITY[sdk=iphoneos*]" = "iPhone Developer";
				COPY_PHASE_STRIP = NO;
				ENABLE_NS_ASSERTIONS = NO;
				ENABLE_STRICT_OBJC_MSGSEND = YES;
				GCC_C_LANGUAGE_STANDARD = gnu99;
				GCC_WARN_64_TO_32_BIT_CONVERSION = YES;
				GCC_WARN_ABOUT_RETURN_TYPE = YES_ERROR;
				GCC_WARN_UNDECLARED_SELECTOR = YES;
				GCC_WARN_UNINITIALIZED_AUTOS = YES_AGGRESSIVE;
				GCC_WARN_UNUSED_FUNCTION = YES;
				GCC_WARN_UNUSED_VARIABLE = YES;
				IPHONEOS_DEPLOYMENT_TARGET = 8.2;
				MTL_ENABLE_DEBUG_INFO = NO;
				SDKROOT = iphoneos;
				VALIDATE_PRODUCT = YES;
			};
			name = Release;
		};
		C0BB6F0B1AEECF7700DD471F /* Debug */ = {
			isa = XCBuildConfiguration;
			buildSettings = {
				ASSETCATALOG_COMPILER_APPICON_NAME = AppIcon;
				INFOPLIST_FILE = Lab23/Info.plist;
				LD_RUNPATH_SEARCH_PATHS = "$(inherited) @executable_path/Frameworks";
				PRODUCT_NAME = "$(TARGET_NAME)";
			};
			name = Debug;
		};
		C0BB6F0C1AEECF7700DD471F /* Release */ = {
			isa = XCBuildConfiguration;
			buildSettings = {
				ASSETCATALOG_COMPILER_APPICON_NAME = AppIcon;
				INFOPLIST_FILE = Lab23/Info.plist;
				LD_RUNPATH_SEARCH_PATHS = "$(inherited) @executable_path/Frameworks";
				PRODUCT_NAME = "$(TARGET_NAME)";
			};
			name = Release;
		};
		C0BB6F0E1AEECF7700DD471F /* Debug */ = {
			isa = XCBuildConfiguration;
			buildSettings = {
				BUNDLE_LOADER = "$(TEST_HOST)";
				FRAMEWORK_SEARCH_PATHS = (
					"$(SDKROOT)/Developer/Library/Frameworks",
					"$(inherited)",
				);
				GCC_PREPROCESSOR_DEFINITIONS = (
					"DEBUG=1",
					"$(inherited)",
				);
				INFOPLIST_FILE = Lab23Tests/Info.plist;
				LD_RUNPATH_SEARCH_PATHS = "$(inherited) @executable_path/Frameworks @loader_path/Frameworks";
				PRODUCT_NAME = "$(TARGET_NAME)";
				TEST_HOST = "$(BUILT_PRODUCTS_DIR)/Lab23.app/Lab23";
			};
			name = Debug;
		};
		C0BB6F0F1AEECF7700DD471F /* Release */ = {
			isa = XCBuildConfiguration;
			buildSettings = {
				BUNDLE_LOADER = "$(TEST_HOST)";
				FRAMEWORK_SEARCH_PATHS = (
					"$(SDKROOT)/Developer/Library/Frameworks",
					"$(inherited)",
				);
				INFOPLIST_FILE = Lab23Tests/Info.plist;
				LD_RUNPATH_SEARCH_PATHS = "$(inherited) @executable_path/Frameworks @loader_path/Frameworks";
				PRODUCT_NAME = "$(TARGET_NAME)";
				TEST_HOST = "$(BUILT_PRODUCTS_DIR)/Lab23.app/Lab23";
			};
			name = Release;
		};
/* End XCBuildConfiguration section */

/* Begin XCConfigurationList section */
		C0BB6EE41AEECF7700DD471F /* Build configuration list for PBXProject "Lab23" */ = {
			isa = XCConfigurationList;
			buildConfigurations = (
				C0BB6F081AEECF7700DD471F /* Debug */,
				C0BB6F091AEECF7700DD471F /* Release */,
			);
			defaultConfigurationIsVisible = 0;
			defaultConfigurationName = Release;
		};
		C0BB6F0A1AEECF7700DD471F /* Build configuration list for PBXNativeTarget "Lab23" */ = {
			isa = XCConfigurationList;
			buildConfigurations = (
				C0BB6F0B1AEECF7700DD471F /* Debug */,
				C0BB6F0C1AEECF7700DD471F /* Release */,
			);
			defaultConfigurationIsVisible = 0;
		};
		C0BB6F0D1AEECF7700DD471F /* Build configuration list for PBXNativeTarget "Lab23Tests" */ = {
			isa = XCConfigurationList;
			buildConfigurations = (
				C0BB6F0E1AEECF7700DD471F /* Debug */,
				C0BB6F0F1AEECF7700DD471F /* Release */,
			);
			defaultConfigurationIsVisible = 0;
		};
/* End XCConfigurationList section */
	};
	rootObject = C0BB6EE11AEECF7700DD471F /* Project object */;
}
